// !$*UTF8*$!
{
	archiveVersion = 1;
	classes = {
	};
	objectVersion = 46;
	objects = {

/* Begin PBXBuildFile section */
		86067D8F1F51735900AC719F /* main.m in Sources */ = {isa = PBXBuildFile; fileRef = 86067D8E1F51735900AC719F /* main.m */; };
		86067D921F51735900AC719F /* AppDelegate.m in Sources */ = {isa = PBXBuildFile; fileRef = 86067D911F51735900AC719F /* AppDelegate.m */; };
		86067D951F51735900AC719F /* ViewController.m in Sources */ = {isa = PBXBuildFile; fileRef = 86067D941F51735900AC719F /* ViewController.m */; };
		86067D981F51735900AC719F /* Main.storyboard in Resources */ = {isa = PBXBuildFile; fileRef = 86067D961F51735900AC719F /* Main.storyboard */; };
		86067D9A1F51735900AC719F /* Assets.xcassets in Resources */ = {isa = PBXBuildFile; fileRef = 86067D991F51735900AC719F /* Assets.xcassets */; };
		86067D9D1F51735900AC719F /* LaunchScreen.storyboard in Resources */ = {isa = PBXBuildFile; fileRef = 86067D9B1F51735900AC719F /* LaunchScreen.storyboard */; };
		86067DA81F51735900AC719F /* MadLifeDBUITests.m in Sources */ = {isa = PBXBuildFile; fileRef = 86067DA71F51735900AC719F /* MadLifeDBUITests.m */; };
/* End PBXBuildFile section */

/* Begin PBXContainerItemProxy section */
		86067DA41F51735900AC719F /* PBXContainerItemProxy */ = {
			isa = PBXContainerItemProxy;
			containerPortal = 86067D821F51735900AC719F /* Project object */;
			proxyType = 1;
			remoteGlobalIDString = 86067D891F51735900AC719F;
			remoteInfo = MadLifeDB;
		};
/* End PBXContainerItemProxy section */

/* Begin PBXFileReference section */
		86067D8A1F51735900AC719F /* MadLifeDB.app */ = {isa = PBXFileReference; explicitFileType = wrapper.application; includeInIndex = 0; path = MadLifeDB.app; sourceTree = BUILT_PRODUCTS_DIR; };
		86067D8E1F51735900AC719F /* main.m */ = {isa = PBXFileReference; lastKnownFileType = sourcecode.c.objc; path = main.m; sourceTree = "<group>"; };
		86067D901F51735900AC719F /* AppDelegate.h */ = {isa = PBXFileReference; lastKnownFileType = sourcecode.c.h; path = AppDelegate.h; sourceTree = "<group>"; };
		86067D911F51735900AC719F /* AppDelegate.m */ = {isa = PBXFileReference; lastKnownFileType = sourcecode.c.objc; path = AppDelegate.m; sourceTree = "<group>"; };
		86067D931F51735900AC719F /* ViewController.h */ = {isa = PBXFileReference; lastKnownFileType = sourcecode.c.h; path = ViewController.h; sourceTree = "<group>"; };
		86067D941F51735900AC719F /* ViewController.m */ = {isa = PBXFileReference; lastKnownFileType = sourcecode.c.objc; path = ViewController.m; sourceTree = "<group>"; };
		86067D971F51735900AC719F /* Base */ = {isa = PBXFileReference; lastKnownFileType = file.storyboard; name = Base; path = Base.lproj/Main.storyboard; sourceTree = "<group>"; };
		86067D991F51735900AC719F /* Assets.xcassets */ = {isa = PBXFileReference; lastKnownFileType = folder.assetcatalog; path = Assets.xcassets; sourceTree = "<group>"; };
		86067D9C1F51735900AC719F /* Base */ = {isa = PBXFileReference; lastKnownFileType = file.storyboard; name = Base; path = Base.lproj/LaunchScreen.storyboard; sourceTree = "<group>"; };
		86067D9E1F51735900AC719F /* Info.plist */ = {isa = PBXFileReference; lastKnownFileType = text.plist.xml; path = Info.plist; sourceTree = "<group>"; };
		86067DA31F51735900AC719F /* MadLifeDBUITests.xctest */ = {isa = PBXFileReference; explicitFileType = wrapper.cfbundle; includeInIndex = 0; path = MadLifeDBUITests.xctest; sourceTree = BUILT_PRODUCTS_DIR; };
		86067DA71F51735900AC719F /* MadLifeDBUITests.m */ = {isa = PBXFileReference; lastKnownFileType = sourcecode.c.objc; path = MadLifeDBUITests.m; sourceTree = "<group>"; };
		86067DA91F51735900AC719F /* Info.plist */ = {isa = PBXFileReference; lastKnownFileType = text.plist.xml; path = Info.plist; sourceTree = "<group>"; };
/* End PBXFileReference section */

/* Begin PBXFrameworksBuildPhase section */
		86067D871F51735900AC719F /* Frameworks */ = {
			isa = PBXFrameworksBuildPhase;
			buildActionMask = 2147483647;
			files = (
			);
			runOnlyForDeploymentPostprocessing = 0;
		};
		86067DA01F51735900AC719F /* Frameworks */ = {
			isa = PBXFrameworksBuildPhase;
			buildActionMask = 2147483647;
			files = (
			);
			runOnlyForDeploymentPostprocessing = 0;
		};
/* End PBXFrameworksBuildPhase section */

/* Begin PBXGroup section */
		86067D811F51735900AC719F = {
			isa = PBXGroup;
			children = (
				86067D8C1F51735900AC719F /* MadLifeDB */,
				86067DA61F51735900AC719F /* MadLifeDBUITests */,
				86067D8B1F51735900AC719F /* Products */,
			);
			sourceTree = "<group>";
		};
		86067D8B1F51735900AC719F /* Products */ = {
			isa = PBXGroup;
			children = (
				86067D8A1F51735900AC719F /* MadLifeDB.app */,
				86067DA31F51735900AC719F /* MadLifeDBUITests.xctest */,
			);
			name = Products;
			sourceTree = "<group>";
		};
		86067D8C1F51735900AC719F /* MadLifeDB */ = {
			isa = PBXGroup;
			children = (
				86067D901F51735900AC719F /* AppDelegate.h */,
				86067D911F51735900AC719F /* AppDelegate.m */,
				86067D931F51735900AC719F /* ViewController.h */,
				86067D941F51735900AC719F /* ViewController.m */,
				86067D961F51735900AC719F /* Main.storyboard */,
				86067D991F51735900AC719F /* Assets.xcassets */,
				86067D9B1F51735900AC719F /* LaunchScreen.storyboard */,
				86067D9E1F51735900AC719F /* Info.plist */,
				86067D8D1F51735900AC719F /* Supporting Files */,
			);
			path = MadLifeDB;
			sourceTree = "<group>";
		};
		86067D8D1F51735900AC719F /* Supporting Files */ = {
			isa = PBXGroup;
			children = (
				86067D8E1F51735900AC719F /* main.m */,
			);
			name = "Supporting Files";
			sourceTree = "<group>";
		};
		86067DA61F51735900AC719F /* MadLifeDBUITests */ = {
			isa = PBXGroup;
			children = (
				86067DA71F51735900AC719F /* MadLifeDBUITests.m */,
				86067DA91F51735900AC719F /* Info.plist */,
			);
			path = MadLifeDBUITests;
			sourceTree = "<group>";
		};
/* End PBXGroup section */

/* Begin PBXNativeTarget section */
		86067D891F51735900AC719F /* MadLifeDB */ = {
			isa = PBXNativeTarget;
			buildConfigurationList = 86067DAC1F51735900AC719F /* Build configuration list for PBXNativeTarget "MadLifeDB" */;
			buildPhases = (
				86067D861F51735900AC719F /* Sources */,
				86067D871F51735900AC719F /* Frameworks */,
				86067D881F51735900AC719F /* Resources */,
			);
			buildRules = (
			);
			dependencies = (
			);
			name = MadLifeDB;
			productName = MadLifeDB;
			productReference = 86067D8A1F51735900AC719F /* MadLifeDB.app */;
			productType = "com.apple.product-type.application";
		};
		86067DA21F51735900AC719F /* MadLifeDBUITests */ = {
			isa = PBXNativeTarget;
			buildConfigurationList = 86067DAF1F51735900AC719F /* Build configuration list for PBXNativeTarget "MadLifeDBUITests" */;
			buildPhases = (
				86067D9F1F51735900AC719F /* Sources */,
				86067DA01F51735900AC719F /* Frameworks */,
				86067DA11F51735900AC719F /* Resources */,
			);
			buildRules = (
			);
			dependencies = (
				86067DA51F51735900AC719F /* PBXTargetDependency */,
			);
			name = MadLifeDBUITests;
			productName = MadLifeDBUITests;
			productReference = 86067DA31F51735900AC719F /* MadLifeDBUITests.xctest */;
			productType = "com.apple.product-type.bundle.ui-testing";
		};
/* End PBXNativeTarget section */

/* Begin PBXProject section */
		86067D821F51735900AC719F /* Project object */ = {
			isa = PBXProject;
			attributes = {
				LastUpgradeCheck = 0830;
				ORGANIZATIONNAME = "顾俊杰";
				TargetAttributes = {
					86067D891F51735900AC719F = {
						CreatedOnToolsVersion = 8.3.3;
						ProvisioningStyle = Automatic;
					};
					86067DA21F51735900AC719F = {
						CreatedOnToolsVersion = 8.3.3;
						ProvisioningStyle = Automatic;
						TestTargetID = 86067D891F51735900AC719F;
					};
				};
			};
			buildConfigurationList = 86067D851F51735900AC719F /* Build configuration list for PBXProject "MadLifeDB" */;
			compatibilityVersion = "Xcode 3.2";
			developmentRegion = English;
			hasScannedForEncodings = 0;
			knownRegions = (
				en,
				Base,
			);
			mainGroup = 86067D811F51735900AC719F;
			productRefGroup = 86067D8B1F51735900AC719F /* Products */;
			projectDirPath = "";
			projectRoot = "";
			targets = (
				86067D891F51735900AC719F /* MadLifeDB */,
				86067DA21F51735900AC719F /* MadLifeDBUITests */,
			);
		};
/* End PBXProject section */

/* Begin PBXResourcesBuildPhase section */
		86067D881F51735900AC719F /* Resources */ = {
			isa = PBXResourcesBuildPhase;
			buildActionMask = 2147483647;
			files = (
				86067D9D1F51735900AC719F /* LaunchScreen.storyboard in Resources */,
				86067D9A1F51735900AC719F /* Assets.xcassets in Resources */,
				86067D981F51735900AC719F /* Main.storyboard in Resources */,
			);
			runOnlyForDeploymentPostprocessing = 0;
		};
		86067DA11F51735900AC719F /* Resources */ = {
			isa = PBXResourcesBuildPhase;
			buildActionMask = 2147483647;
			files = (
			);
			runOnlyForDeploymentPostprocessing = 0;
		};
/* End PBXResourcesBuildPhase section */

/* Begin PBXSourcesBuildPhase section */
		86067D861F51735900AC719F /* Sources */ = {
			isa = PBXSourcesBuildPhase;
			buildActionMask = 2147483647;
			files = (
				86067D951F51735900AC719F /* ViewController.m in Sources */,
				86067D921F51735900AC719F /* AppDelegate.m in Sources */,
				86067D8F1F51735900AC719F /* main.m in Sources */,
			);
			runOnlyForDeploymentPostprocessing = 0;
		};
		86067D9F1F51735900AC719F /* Sources */ = {
			isa = PBXSourcesBuildPhase;
			buildActionMask = 2147483647;
			files = (
				86067DA81F51735900AC719F /* MadLifeDBUITests.m in Sources */,
			);
			runOnlyForDeploymentPostprocessing = 0;
		};
/* End PBXSourcesBuildPhase section */

/* Begin PBXTargetDependency section */
		86067DA51F51735900AC719F /* PBXTargetDependency */ = {
			isa = PBXTargetDependency;
			target = 86067D891F51735900AC719F /* MadLifeDB */;
			targetProxy = 86067DA41F51735900AC719F /* PBXContainerItemProxy */;
		};
/* End PBXTargetDependency section */

/* Begin PBXVariantGroup section */
		86067D961F51735900AC719F /* Main.storyboard */ = {
			isa = PBXVariantGroup;
			children = (
				86067D971F51735900AC719F /* Base */,
			);
			name = Main.storyboard;
			sourceTree = "<group>";
		};
		86067D9B1F51735900AC719F /* LaunchScreen.storyboard */ = {
			isa = PBXVariantGroup;
			children = (
				86067D9C1F51735900AC719F /* Base */,
			);
			name = LaunchScreen.storyboard;
			sourceTree = "<group>";
		};
/* End PBXVariantGroup section */

/* Begin XCBuildConfiguration section */
		86067DAA1F51735900AC719F /* Debug */ = {
			isa = XCBuildConfiguration;
			buildSettings = {
				ALWAYS_SEARCH_USER_PATHS = NO;
				CLANG_ANALYZER_NONNULL = YES;
				CLANG_ANALYZER_NUMBER_OBJECT_CONVERSION = YES_AGGRESSIVE;
				CLANG_CXX_LANGUAGE_STANDARD = "gnu++0x";
				CLANG_CXX_LIBRARY = "libc++";
				CLANG_ENABLE_MODULES = YES;
				CLANG_ENABLE_OBJC_ARC = YES;
				CLANG_WARN_BOOL_CONVERSION = YES;
				CLANG_WARN_CONSTANT_CONVERSION = YES;
				CLANG_WARN_DIRECT_OBJC_ISA_USAGE = YES_ERROR;
				CLANG_WARN_DOCUMENTATION_COMMENTS = YES;
				CLANG_WARN_EMPTY_BODY = YES;
				CLANG_WARN_ENUM_CONVERSION = YES;
				CLANG_WARN_INFINITE_RECURSION = YES;
				CLANG_WARN_INT_CONVERSION = YES;
				CLANG_WARN_OBJC_ROOT_CLASS = YES_ERROR;
				CLANG_WARN_SUSPICIOUS_MOVE = YES;
				CLANG_WARN_UNREACHABLE_CODE = YES;
				CLANG_WARN__DUPLICATE_METHOD_MATCH = YES;
				"CODE_SIGN_IDENTITY[sdk=iphoneos*]" = "iPhone Developer";
				COPY_PHASE_STRIP = NO;
				DEBUG_INFORMATION_FORMAT = dwarf;
				ENABLE_STRICT_OBJC_MSGSEND = YES;
				ENABLE_TESTABILITY = YES;
				GCC_C_LANGUAGE_STANDARD = gnu99;
				GCC_DYNAMIC_NO_PIC = NO;
				GCC_NO_COMMON_BLOCKS = YES;
				GCC_OPTIMIZATION_LEVEL = 0;
				GCC_PREPROCESSOR_DEFINITIONS = (
					"DEBUG=1",
					"$(inherited)",
				);
				GCC_WARN_64_TO_32_BIT_CONVERSION = YES;
				GCC_WARN_ABOUT_RETURN_TYPE = YES_ERROR;
				GCC_WARN_UNDECLARED_SELECTOR = YES;
				GCC_WARN_UNINITIALIZED_AUTOS = YES_AGGRESSIVE;
				GCC_WARN_UNUSED_FUNCTION = YES;
				GCC_WARN_UNUSED_VARIABLE = YES;
				IPHONEOS_DEPLOYMENT_TARGET = 10.3;
				MTL_ENABLE_DEBUG_INFO = YES;
				ONLY_ACTIVE_ARCH = YES;
				SDKROOT = iphoneos;
				TARGETED_DEVICE_FAMILY = "1,2";
			};
			name = Debug;
		};
		86067DAB1F51735900AC719F /* Release */ = {
			isa = XCBuildConfiguration;
			buildSettings = {
				ALWAYS_SEARCH_USER_PATHS = NO;
				CLANG_ANALYZER_NONNULL = YES;
				CLANG_ANALYZER_NUMBER_OBJECT_CONVERSION = YES_AGGRESSIVE;
				CLANG_CXX_LANGUAGE_STANDARD = "gnu++0x";
				CLANG_CXX_LIBRARY = "libc++";
				CLANG_ENABLE_MODULES = YES;
				CLANG_ENABLE_OBJC_ARC = YES;
				CLANG_WARN_BOOL_CONVERSION = YES;
				CLANG_WARN_CONSTANT_CONVERSION = YES;
				CLANG_WARN_DIRECT_OBJC_ISA_USAGE = YES_ERROR;
				CLANG_WARN_DOCUMENTATION_COMMENTS = YES;
				CLANG_WARN_EMPTY_BODY = YES;
				CLANG_WARN_ENUM_CONVERSION = YES;
				CLANG_WARN_INFINITE_RECURSION = YES;
				CLANG_WARN_INT_CONVERSION = YES;
				CLANG_WARN_OBJC_ROOT_CLASS = YES_ERROR;
				CLANG_WARN_SUSPICIOUS_MOVE = YES;
				CLANG_WARN_UNREACHABLE_CODE = YES;
				CLANG_WARN__DUPLICATE_METHOD_MATCH = YES;
				"CODE_SIGN_IDENTITY[sdk=iphoneos*]" = "iPhone Developer";
				COPY_PHASE_STRIP = NO;
				DEBUG_INFORMATION_FORMAT = "dwarf-with-dsym";
				ENABLE_NS_ASSERTIONS = NO;
				ENABLE_STRICT_OBJC_MSGSEND = YES;
				GCC_C_LANGUAGE_STANDARD = gnu99;
				GCC_NO_COMMON_BLOCKS = YES;
				GCC_WARN_64_TO_32_BIT_CONVERSION = YES;
				GCC_WARN_ABOUT_RETURN_TYPE = YES_ERROR;
				GCC_WARN_UNDECLARED_SELECTOR = YES;
				GCC_WARN_UNINITIALIZED_AUTOS = YES_AGGRESSIVE;
				GCC_WARN_UNUSED_FUNCTION = YES;
				GCC_WARN_UNUSED_VARIABLE = YES;
				IPHONEOS_DEPLOYMENT_TARGET = 10.3;
				MTL_ENABLE_DEBUG_INFO = NO;
				SDKROOT = iphoneos;
				TARGETED_DEVICE_FAMILY = "1,2";
				VALIDATE_PRODUCT = YES;
			};
			name = Release;
		};
		86067DAD1F51735900AC719F /* Debug */ = {
			isa = XCBuildConfiguration;
			buildSettings = {
				ASSETCATALOG_COMPILER_APPICON_NAME = AppIcon;
				INFOPLIST_FILE = MadLifeDB/Info.plist;
				LD_RUNPATH_SEARCH_PATHS = "$(inherited) @executable_path/Frameworks";
				PRODUCT_BUNDLE_IDENTIFIER = Aiyou.MadLifeDB;
				PRODUCT_NAME = "$(TARGET_NAME)";
			};
			name = Debug;
		};
		86067DAE1F51735900AC719F /* Release */ = {
			isa = XCBuildConfiguration;
			buildSettings = {
				ASSETCATALOG_COMPILER_APPICON_NAME = AppIcon;
				INFOPLIST_FILE = MadLifeDB/Info.plist;
				LD_RUNPATH_SEARCH_PATHS = "$(inherited) @executable_path/Frameworks";
				PRODUCT_BUNDLE_IDENTIFIER = Aiyou.MadLifeDB;
				PRODUCT_NAME = "$(TARGET_NAME)";
			};
			name = Release;
		};
		86067DB01F51735900AC719F /* Debug */ = {
			isa = XCBuildConfiguration;
			buildSettings = {
				INFOPLIST_FILE = MadLifeDBUITests/Info.plist;
				LD_RUNPATH_SEARCH_PATHS = "$(inherited) @executable_path/Frameworks @loader_path/Frameworks";
				PRODUCT_BUNDLE_IDENTIFIER = Aiyou.MadLifeDBUITests;
				PRODUCT_NAME = "$(TARGET_NAME)";
				TEST_TARGET_NAME = MadLifeDB;
			};
			name = Debug;
		};
		86067DB11F51735900AC719F /* Release */ = {
			isa = XCBuildConfiguration;
			buildSettings = {
				INFOPLIST_FILE = MadLifeDBUITests/Info.plist;
				LD_RUNPATH_SEARCH_PATHS = "$(inherited) @executable_path/Frameworks @loader_path/Frameworks";
				PRODUCT_BUNDLE_IDENTIFIER = Aiyou.MadLifeDBUITests;
				PRODUCT_NAME = "$(TARGET_NAME)";
				TEST_TARGET_NAME = MadLifeDB;
			};
			name = Release;
		};
/* End XCBuildConfiguration section */

/* Begin XCConfigurationList section */
		86067D851F51735900AC719F /* Build configuration list for PBXProject "MadLifeDB" */ = {
			isa = XCConfigurationList;
			buildConfigurations = (
				86067DAA1F51735900AC719F /* Debug */,
				86067DAB1F51735900AC719F /* Release */,
			);
			defaultConfigurationIsVisible = 0;
			defaultConfigurationName = Release;
		};
		86067DAC1F51735900AC719F /* Build configuration list for PBXNativeTarget "MadLifeDB" */ = {
			isa = XCConfigurationList;
			buildConfigurations = (
				86067DAD1F51735900AC719F /* Debug */,
				86067DAE1F51735900AC719F /* Release */,
			);
			defaultConfigurationIsVisible = 0;
		};
		86067DAF1F51735900AC719F /* Build configuration list for PBXNativeTarget "MadLifeDBUITests" */ = {
			isa = XCConfigurationList;
			buildConfigurations = (
				86067DB01F51735900AC719F /* Debug */,
				86067DB11F51735900AC719F /* Release */,
			);
			defaultConfigurationIsVisible = 0;
		};
/* End XCConfigurationList section */
	};
	rootObject = 86067D821F51735900AC719F /* Project object */;
}
